{
  "name": "mini-program",
  "version": "1.0.0",
  "lockfileVersion": 1,
  "requires": true,
  "dependencies": {
    "eventemitter3": {
      "version": "4.0.0",
      "resolved": "https://registry.npm.taobao.org/eventemitter3/download/eventemitter3-4.0.0.tgz?cache=0&sync_timestamp=1560950873670&other_urls=https%3A%2F%2Fregistry.npm.taobao.org%2Feventemitter3%2Fdownload%2Feventemitter3-4.0.0.tgz",
      "integrity": "sha1-1lF2FjiH7lnzhtZMgmELaWpKdOs="
    },
    "timeago.js": {
      "version": "4.0.0-beta.2",
      "resolved": "https://registry.npm.taobao.org/timeago.js/download/timeago.js-4.0.0-beta.2.tgz",
      "integrity": "sha1-TlCnJQYmtn4WipNNXhUFIRk2bbE="
    },
    "vant-weapp": {
      "version": "0.5.16",
      "resolved": "https://registry.npm.taobao.org/vant-weapp/download/vant-weapp-0.5.16.tgz",
      "integrity": "sha1-ZaN4guL4Ad9+gfGCy7awX+oeWqw="
    },
    "wx-promise-pro": {
      "version": "2.6.0",
      "resolved": "https://registry.npm.taobao.org/wx-promise-pro/download/wx-promise-pro-2.6.0.tgz",
      "integrity": "sha1-L8vJW5nOLi2jK7e7WQ03N3zssDs="
    }
  }
}
